{
    "_readme": [
        "This file locks the dependencies of your project to a known state",
        "Read more about it at https://getcomposer.org/doc/01-basic-usage.md#installing-dependencies",
        "This file is @generated automatically"
    ],
    "content-hash": "b33374cae6ab7ffa5fa60f36b70ecd0c",
    "packages": [],
    "packages-dev": [
        {
            "name": "wpify/php-scoper",
            "version": "0.18.7",
            "source": {
                "type": "git",
                "url": "https://github.com/wpify/php-scoper.git",
                "reference": "890d7a73474a90d50833a07d0745504399037f9b"
            },
            "dist": {
                "type": "zip",
                "url": "https://api.github.com/repos/wpify/php-scoper/zipball/890d7a73474a90d50833a07d0745504399037f9b",
                "reference": "890d7a73474a90d50833a07d0745504399037f9b",
                "shasum": ""
            },
            "require": {
                "php": "^8.1"
            },
            "bin": [
                "bin/php-scoper.phar"
            ],
            "type": "library",
            "notification-url": "https://packagist.org/downloads/",
            "license": [
                "MIT"
            ],
            "authors": [
                {
                    "name": "mejta",
                    "email": "daniel@mejta.net"
                }
            ],
            "support": {
                "issues": "https://github.com/wpify/php-scoper/issues",
                "source": "https://github.com/wpify/php-scoper/tree/0.18.7"
            },
            "time": "2023-11-05T00:52:16+00:00"
        },
        {
            "name": "wpify/scoper",
            "version": "3.2.5",
            "source": {
                "type": "git",
                "url": "https://github.com/wpify/scoper.git",
                "reference": "d1fc5c9bde11e9ec959d4d0a7af191e0ce5f8abc"
            },
            "dist": {
                "type": "zip",
                "url": "https://api.github.com/repos/wpify/scoper/zipball/d1fc5c9bde11e9ec959d4d0a7af191e0ce5f8abc",
                "reference": "d1fc5c9bde11e9ec959d4d0a7af191e0ce5f8abc",
                "shasum": ""
            },
            "require": {
                "composer-plugin-api": "^2.3",
                "php": "^8.1",
                "wpify/php-scoper": "^0.18"
            },
            "require-dev": {
                "composer/composer": "^2.6",
                "jetbrains/phpstorm-stubs": "^v2023.2",
                "johnpbloch/wordpress": "^6.3",
                "nikic/php-parser": "^v4.17",
                "woocommerce/action-scheduler": "^3.6",
                "wpackagist-plugin/woocommerce": "^8.2",
                "yahnis-elsts/plugin-update-checker": "^v5.2"
            },
            "type": "composer-plugin",
            "extra": {
                "class": "Wpify\\Scoper\\Plugin",
                "wordpress-install-dir": "sources/wordpress",
                "installer-paths": {
                    "sources/plugin-{$name}/": [
                        "type:wordpress-plugin"
                    ],
                    "sources/theme-{$name}/": [
                        "type:wordpress-theme"
                    ]
                },
                "textdomain": {
                    "wpify-custom-fields": "some-new-textdomain"
                }
            },
            "autoload": {
                "psr-4": {
                    "Wpify\\Scoper\\": "src/"
                }
            },
            "notification-url": "https://packagist.org/downloads/",
            "license": [
                "GPL-2.0-or-later"
            ],
            "authors": [
                {
                    "name": "Daniel Mejta",
                    "email": "daniel@mejta.net"
                }
            ],
            "description": "Composer plugin that scopes WordPress and WooCommerce dependencies for usage in WordPress plugins and themes.",
            "support": {
                "issues": "https://github.com/wpify/scoper/issues",
                "source": "https://github.com/wpify/scoper/tree/3.2.5"
            },
            "time": "2023-11-24T20:27:27+00:00"
        }
    ],
    "aliases": [],
    "minimum-stability": "stable",
    "stability-flags": [],
    "prefer-stable": false,
    "prefer-lowest": false,
    "platform": [],
    "platform-dev": [],
    "platform-overrides": {
        "php": "8.1.22"
    },
    "plugin-api-version": "2.6.0"
}
